// !$*UTF8*$!
{
	archiveVersion = 1;
	classes = {
	};
	objectVersion = 56;
	objects = {

/* Begin PBXBuildFile section */
		1508EC312BFCE5C300BDB011 /* TabBar.swift in Sources */ = {isa = PBXBuildFile; fileRef = 1508EC302BFCE5C300BDB011 /* TabBar.swift */; };
		1508EC612BFD0F5100BDB011 /* Double+customFormatted.swift in Sources */ = {isa = PBXBuildFile; fileRef = 1508EC602BFD0F5100BDB011 /* Double+customFormatted.swift */; };
		1508EC632BFD109700BDB011 /* Swipe.swift in Sources */ = {isa = PBXBuildFile; fileRef = 1508EC622BFD109700BDB011 /* Swipe.swift */; };
		1541D4932BFE2325007CCFAA /* Font.swift in Sources */ = {isa = PBXBuildFile; fileRef = 1541D4922BFE2325007CCFAA /* Font.swift */; };
		1541D4982BFE24D1007CCFAA /* AppFont.swift in Sources */ = {isa = PBXBuildFile; fileRef = 1541D4942BFE24D0007CCFAA /* AppFont.swift */; };
		1541D4992BFE24D1007CCFAA /* Poppins-Regular.ttf in Resources */ = {isa = PBXBuildFile; fileRef = 1541D4952BFE24D0007CCFAA /* Poppins-Regular.ttf */; };
		1541D49A2BFE24D1007CCFAA /* Poppins-SemiBold.ttf in Resources */ = {isa = PBXBuildFile; fileRef = 1541D4962BFE24D0007CCFAA /* Poppins-SemiBold.ttf */; };
		15E2BD4D2BFBDF78003EA777 /* CoinGekoWallesterApp.swift in Sources */ = {isa = PBXBuildFile; fileRef = 15E2BD4C2BFBDF78003EA777 /* CoinGekoWallesterApp.swift */; };
		15E2BD4F2BFBDF78003EA777 /* ContentView.swift in Sources */ = {isa = PBXBuildFile; fileRef = 15E2BD4E2BFBDF78003EA777 /* ContentView.swift */; };
		15E2BD512BFBDF7B003EA777 /* Assets.xcassets in Resources */ = {isa = PBXBuildFile; fileRef = 15E2BD502BFBDF7B003EA777 /* Assets.xcassets */; };
		15E2BD542BFBDF7B003EA777 /* Preview Assets.xcassets in Resources */ = {isa = PBXBuildFile; fileRef = 15E2BD532BFBDF7B003EA777 /* Preview Assets.xcassets */; };
		15E2BD5E2BFBE006003EA777 /* MarketView.swift in Sources */ = {isa = PBXBuildFile; fileRef = 15E2BD5D2BFBE006003EA777 /* MarketView.swift */; };
		15E2BD602BFBE00E003EA777 /* MarketViewModel.swift in Sources */ = {isa = PBXBuildFile; fileRef = 15E2BD5F2BFBE00E003EA777 /* MarketViewModel.swift */; };
		15E2BD622BFBE016003EA777 /* Row.swift in Sources */ = {isa = PBXBuildFile; fileRef = 15E2BD612BFBE016003EA777 /* Row.swift */; };
		15E2BD662BFBE02C003EA777 /* NetworkingManager.swift in Sources */ = {isa = PBXBuildFile; fileRef = 15E2BD652BFBE02C003EA777 /* NetworkingManager.swift */; };
		15E2BD682BFBE038003EA777 /* AsyncImage.swift in Sources */ = {isa = PBXBuildFile; fileRef = 15E2BD672BFBE038003EA777 /* AsyncImage.swift */; };
		15E2BD6B2BFBE061003EA777 /* CoinModel.swift in Sources */ = {isa = PBXBuildFile; fileRef = 15E2BD6A2BFBE061003EA777 /* CoinModel.swift */; };
		15E2BD992BFBE0F8003EA777 /* CoinDataService.swift in Sources */ = {isa = PBXBuildFile; fileRef = 15E2BD982BFBE0F8003EA777 /* CoinDataService.swift */; };
		15E2BDBB2BFCA7DF003EA777 /* SwiftFormat in Frameworks */ = {isa = PBXBuildFile; productRef = 15E2BDBA2BFCA7DF003EA777 /* SwiftFormat */; };
		15E2BDBD2BFCA7DF003EA777 /* SwiftFormatConfiguration in Frameworks */ = {isa = PBXBuildFile; productRef = 15E2BDBC2BFCA7DF003EA777 /* SwiftFormatConfiguration */; };
		15E3AEF92BFE93FF00B6DFC5 /* CoinList.swift in Sources */ = {isa = PBXBuildFile; fileRef = 15E3AEF82BFE93FF00B6DFC5 /* CoinList.swift */; };
/* End PBXBuildFile section */

/* Begin PBXFileReference section */
		1508EC302BFCE5C300BDB011 /* TabBar.swift */ = {isa = PBXFileReference; lastKnownFileType = sourcecode.swift; path = TabBar.swift; sourceTree = "<group>"; };
		1508EC602BFD0F5100BDB011 /* Double+customFormatted.swift */ = {isa = PBXFileReference; lastKnownFileType = sourcecode.swift; path = "Double+customFormatted.swift"; sourceTree = "<group>"; };
		1508EC622BFD109700BDB011 /* Swipe.swift */ = {isa = PBXFileReference; fileEncoding = 4; lastKnownFileType = sourcecode.swift; path = Swipe.swift; sourceTree = "<group>"; };
		1541D4922BFE2325007CCFAA /* Font.swift */ = {isa = PBXFileReference; lastKnownFileType = sourcecode.swift; path = Font.swift; sourceTree = "<group>"; };
		1541D4942BFE24D0007CCFAA /* AppFont.swift */ = {isa = PBXFileReference; fileEncoding = 4; lastKnownFileType = sourcecode.swift; path = AppFont.swift; sourceTree = "<group>"; };
		1541D4952BFE24D0007CCFAA /* Poppins-Regular.ttf */ = {isa = PBXFileReference; lastKnownFileType = file; path = "Poppins-Regular.ttf"; sourceTree = "<group>"; };
		1541D4962BFE24D0007CCFAA /* Poppins-SemiBold.ttf */ = {isa = PBXFileReference; lastKnownFileType = file; path = "Poppins-SemiBold.ttf"; sourceTree = "<group>"; };
		15E2BD492BFBDF78003EA777 /* CoinGekoWallester.app */ = {isa = PBXFileReference; explicitFileType = wrapper.application; includeInIndex = 0; path = CoinGekoWallester.app; sourceTree = BUILT_PRODUCTS_DIR; };
		15E2BD4C2BFBDF78003EA777 /* CoinGekoWallesterApp.swift */ = {isa = PBXFileReference; lastKnownFileType = sourcecode.swift; path = CoinGekoWallesterApp.swift; sourceTree = "<group>"; };
		15E2BD4E2BFBDF78003EA777 /* ContentView.swift */ = {isa = PBXFileReference; lastKnownFileType = sourcecode.swift; path = ContentView.swift; sourceTree = "<group>"; };
		15E2BD502BFBDF7B003EA777 /* Assets.xcassets */ = {isa = PBXFileReference; lastKnownFileType = folder.assetcatalog; path = Assets.xcassets; sourceTree = "<group>"; };
		15E2BD532BFBDF7B003EA777 /* Preview Assets.xcassets */ = {isa = PBXFileReference; lastKnownFileType = folder.assetcatalog; path = "Preview Assets.xcassets"; sourceTree = "<group>"; };
		15E2BD5D2BFBE006003EA777 /* MarketView.swift */ = {isa = PBXFileReference; lastKnownFileType = sourcecode.swift; path = MarketView.swift; sourceTree = "<group>"; };
		15E2BD5F2BFBE00E003EA777 /* MarketViewModel.swift */ = {isa = PBXFileReference; lastKnownFileType = sourcecode.swift; path = MarketViewModel.swift; sourceTree = "<group>"; };
		15E2BD612BFBE016003EA777 /* Row.swift */ = {isa = PBXFileReference; lastKnownFileType = sourcecode.swift; path = Row.swift; sourceTree = "<group>"; };
		15E2BD652BFBE02C003EA777 /* NetworkingManager.swift */ = {isa = PBXFileReference; lastKnownFileType = sourcecode.swift; path = NetworkingManager.swift; sourceTree = "<group>"; };
		15E2BD672BFBE038003EA777 /* AsyncImage.swift */ = {isa = PBXFileReference; lastKnownFileType = sourcecode.swift; path = AsyncImage.swift; sourceTree = "<group>"; };
		15E2BD6A2BFBE061003EA777 /* CoinModel.swift */ = {isa = PBXFileReference; lastKnownFileType = sourcecode.swift; path = CoinModel.swift; sourceTree = "<group>"; };
		15E2BD982BFBE0F8003EA777 /* CoinDataService.swift */ = {isa = PBXFileReference; lastKnownFileType = sourcecode.swift; path = CoinDataService.swift; sourceTree = "<group>"; };
		15E3AEF82BFE93FF00B6DFC5 /* CoinList.swift */ = {isa = PBXFileReference; lastKnownFileType = sourcecode.swift; path = CoinList.swift; sourceTree = "<group>"; };
/* End PBXFileReference section */

/* Begin PBXFrameworksBuildPhase section */
		15E2BD462BFBDF78003EA777 /* Frameworks */ = {
			isa = PBXFrameworksBuildPhase;
			buildActionMask = 2147483647;
			files = (
				15E2BDBD2BFCA7DF003EA777 /* SwiftFormatConfiguration in Frameworks */,
				15E2BDBB2BFCA7DF003EA777 /* SwiftFormat in Frameworks */,
			);
			runOnlyForDeploymentPostprocessing = 0;
		};
/* End PBXFrameworksBuildPhase section */

/* Begin PBXGroup section */
		1508EC5F2BFD0F4200BDB011 /* Extensions */ = {
			isa = PBXGroup;
			children = (
				1508EC602BFD0F5100BDB011 /* Double+customFormatted.swift */,
				1541D4922BFE2325007CCFAA /* Font.swift */,
			);
			path = Extensions;
			sourceTree = "<group>";
		};
		1508EC642BFD110300BDB011 /* Others */ = {
			isa = PBXGroup;
			children = (
				15304F2E2BFE738E006402BC /* OldVersion */,
			);
			path = Others;
			sourceTree = "<group>";
		};
		15304F2E2BFE738E006402BC /* OldVersion */ = {
			isa = PBXGroup;
			children = (
				15E2BD612BFBE016003EA777 /* Row.swift */,
				1508EC622BFD109700BDB011 /* Swipe.swift */,
			);
			path = OldVersion;
			sourceTree = "<group>";
		};
		1541D4972BFE24D0007CCFAA /* Fonts */ = {
			isa = PBXGroup;
			children = (
				1541D4962BFE24D0007CCFAA /* Poppins-SemiBold.ttf */,
				1541D4952BFE24D0007CCFAA /* Poppins-Regular.ttf */,
				1541D4942BFE24D0007CCFAA /* AppFont.swift */,
			);
			path = Fonts;
			sourceTree = "<group>";
		};
		15E2BD402BFBDF78003EA777 = {
			isa = PBXGroup;
			children = (
				15E2BD4B2BFBDF78003EA777 /* CoinGekoWallester */,
				15E2BD4A2BFBDF78003EA777 /* Products */,
			);
			sourceTree = "<group>";
		};
		15E2BD4A2BFBDF78003EA777 /* Products */ = {
			isa = PBXGroup;
			children = (
				15E2BD492BFBDF78003EA777 /* CoinGekoWallester.app */,
			);
			name = Products;
			sourceTree = "<group>";
		};
		15E2BD4B2BFBDF78003EA777 /* CoinGekoWallester */ = {
			isa = PBXGroup;
			children = (
				15E2BD4C2BFBDF78003EA777 /* CoinGekoWallesterApp.swift */,
				15E2BD4E2BFBDF78003EA777 /* ContentView.swift */,
				15E2BD972BFBE0EB003EA777 /* Services */,
				15E2BD5A2BFBDFE8003EA777 /* Models */,
				15E2BD5B2BFBDFEF003EA777 /* Screens */,
				15E2BD632BFBE01D003EA777 /* Shared */,
				15E2BD522BFBDF7B003EA777 /* Preview Content */,
			);
			path = CoinGekoWallester;
			sourceTree = "<group>";
		};
		15E2BD522BFBDF7B003EA777 /* Preview Content */ = {
			isa = PBXGroup;
			children = (
				15E2BD532BFBDF7B003EA777 /* Preview Assets.xcassets */,
			);
			path = "Preview Content";
			sourceTree = "<group>";
		};
		15E2BD5A2BFBDFE8003EA777 /* Models */ = {
			isa = PBXGroup;
			children = (
				15E2BD6A2BFBE061003EA777 /* CoinModel.swift */,
			);
			path = Models;
			sourceTree = "<group>";
		};
		15E2BD5B2BFBDFEF003EA777 /* Screens */ = {
			isa = PBXGroup;
			children = (
				1508EC302BFCE5C300BDB011 /* TabBar.swift */,
				15E2BD5C2BFBDFF4003EA777 /* Market */,
			);
			path = Screens;
			sourceTree = "<group>";
		};
		15E2BD5C2BFBDFF4003EA777 /* Market */ = {
			isa = PBXGroup;
			children = (
				15E2BD5D2BFBE006003EA777 /* MarketView.swift */,
				15E2BD5F2BFBE00E003EA777 /* MarketViewModel.swift */,
				15E3AEF82BFE93FF00B6DFC5 /* CoinList.swift */,
			);
			path = Market;
			sourceTree = "<group>";
		};
		15E2BD632BFBE01D003EA777 /* Shared */ = {
			isa = PBXGroup;
			children = (
				15E2BD642BFBE024003EA777 /* Utils */,
				15E2BD692BFBE046003EA777 /* Assets */,
				1508EC5F2BFD0F4200BDB011 /* Extensions */,
				1508EC642BFD110300BDB011 /* Others */,
			);
			path = Shared;
			sourceTree = "<group>";
		};
		15E2BD642BFBE024003EA777 /* Utils */ = {
			isa = PBXGroup;
			children = (
				15E2BD652BFBE02C003EA777 /* NetworkingManager.swift */,
				15E2BD672BFBE038003EA777 /* AsyncImage.swift */,
			);
			path = Utils;
			sourceTree = "<group>";
		};
		15E2BD692BFBE046003EA777 /* Assets */ = {
			isa = PBXGroup;
			children = (
				1541D4972BFE24D0007CCFAA /* Fonts */,
				15E2BD502BFBDF7B003EA777 /* Assets.xcassets */,
			);
			path = Assets;
			sourceTree = "<group>";
		};
		15E2BD972BFBE0EB003EA777 /* Services */ = {
			isa = PBXGroup;
			children = (
				15E2BD982BFBE0F8003EA777 /* CoinDataService.swift */,
			);
			path = Services;
			sourceTree = "<group>";
		};
/* End PBXGroup section */

/* Begin PBXNativeTarget section */
		15E2BD482BFBDF78003EA777 /* CoinGekoWallester */ = {
			isa = PBXNativeTarget;
			buildConfigurationList = 15E2BD572BFBDF7B003EA777 /* Build configuration list for PBXNativeTarget "CoinGekoWallester" */;
			buildPhases = (
				15E2BD452BFBDF78003EA777 /* Sources */,
				15E2BD462BFBDF78003EA777 /* Frameworks */,
				15E2BD472BFBDF78003EA777 /* Resources */,
				1541D4912BFE15E2007CCFAA /* ShellScript */,
			);
			buildRules = (
			);
			dependencies = (
			);
			name = CoinGekoWallester;
			packageProductDependencies = (
				15E2BDBA2BFCA7DF003EA777 /* SwiftFormat */,
				15E2BDBC2BFCA7DF003EA777 /* SwiftFormatConfiguration */,
			);
			productName = CoinGekoWallester;
			productReference = 15E2BD492BFBDF78003EA777 /* CoinGekoWallester.app */;
			productType = "com.apple.product-type.application";
		};
/* End PBXNativeTarget section */

/* Begin PBXProject section */
		15E2BD412BFBDF78003EA777 /* Project object */ = {
			isa = PBXProject;
			attributes = {
				BuildIndependentTargetsInParallel = 1;
				LastSwiftUpdateCheck = 1540;
				LastUpgradeCheck = 1540;
				TargetAttributes = {
					15E2BD482BFBDF78003EA777 = {
						CreatedOnToolsVersion = 15.4;
					};
				};
			};
			buildConfigurationList = 15E2BD442BFBDF78003EA777 /* Build configuration list for PBXProject "CoinGekoWallester" */;
			compatibilityVersion = "Xcode 14.0";
			developmentRegion = en;
			hasScannedForEncodings = 0;
			knownRegions = (
				en,
				Base,
			);
			mainGroup = 15E2BD402BFBDF78003EA777;
			packageReferences = (
				15E2BDB92BFCA7DF003EA777 /* XCRemoteSwiftPackageReference "swift-format" */,
				15E2BDBE2BFCA801003EA777 /* XCRemoteSwiftPackageReference "SwiftLint" */,
			);
			productRefGroup = 15E2BD4A2BFBDF78003EA777 /* Products */;
			projectDirPath = "";
			projectRoot = "";
			targets = (
				15E2BD482BFBDF78003EA777 /* CoinGekoWallester */,
			);
		};
/* End PBXProject section */

/* Begin PBXResourcesBuildPhase section */
		15E2BD472BFBDF78003EA777 /* Resources */ = {
			isa = PBXResourcesBuildPhase;
			buildActionMask = 2147483647;
			files = (
				1541D4992BFE24D1007CCFAA /* Poppins-Regular.ttf in Resources */,
				1541D49A2BFE24D1007CCFAA /* Poppins-SemiBold.ttf in Resources */,
				15E2BD542BFBDF7B003EA777 /* Preview Assets.xcassets in Resources */,
				15E2BD512BFBDF7B003EA777 /* Assets.xcassets in Resources */,
			);
			runOnlyForDeploymentPostprocessing = 0;
		};
/* End PBXResourcesBuildPhase section */

/* Begin PBXShellScriptBuildPhase section */
		1541D4912BFE15E2007CCFAA /* ShellScript */ = {
			isa = PBXShellScriptBuildPhase;
			buildActionMask = 2147483647;
			files = (
			);
			inputFileListPaths = (
			);
			inputPaths = (
			);
			outputFileListPaths = (
			);
			outputPaths = (
			);
			runOnlyForDeploymentPostprocessing = 0;
			shellPath = /bin/sh;
			shellScript = "# Type a script or drag a script file from your workspace to insert its path.\nif which swiftformat >/dev/null; then\n  swiftformat .\nelse\n  echo \"warning: SwiftFormat not installed, download from https://github.com/nicklockwood/SwiftFormat\"\nfi\n";
		};
/* End PBXShellScriptBuildPhase section */

/* Begin PBXSourcesBuildPhase section */
		15E2BD452BFBDF78003EA777 /* Sources */ = {
			isa = PBXSourcesBuildPhase;
			buildActionMask = 2147483647;
			files = (
				15E2BD682BFBE038003EA777 /* AsyncImage.swift in Sources */,
				15E2BD602BFBE00E003EA777 /* MarketViewModel.swift in Sources */,
				1541D4982BFE24D1007CCFAA /* AppFont.swift in Sources */,
				15E3AEF92BFE93FF00B6DFC5 /* CoinList.swift in Sources */,
				15E2BD4F2BFBDF78003EA777 /* ContentView.swift in Sources */,
				15E2BD622BFBE016003EA777 /* Row.swift in Sources */,
				15E2BD6B2BFBE061003EA777 /* CoinModel.swift in Sources */,
				1508EC632BFD109700BDB011 /* Swipe.swift in Sources */,
				1508EC612BFD0F5100BDB011 /* Double+customFormatted.swift in Sources */,
				1541D4932BFE2325007CCFAA /* Font.swift in Sources */,
				15E2BD662BFBE02C003EA777 /* NetworkingManager.swift in Sources */,
				15E2BD992BFBE0F8003EA777 /* CoinDataService.swift in Sources */,
				15E2BD4D2BFBDF78003EA777 /* CoinGekoWallesterApp.swift in Sources */,
				15E2BD5E2BFBE006003EA777 /* MarketView.swift in Sources */,
				1508EC312BFCE5C300BDB011 /* TabBar.swift in Sources */,
			);
			runOnlyForDeploymentPostprocessing = 0;
		};
/* End PBXSourcesBuildPhase section */

/* Begin XCBuildConfiguration section */
		15E2BD552BFBDF7B003EA777 /* Debug */ = {
			isa = XCBuildConfiguration;
			buildSettings = {
				ALWAYS_SEARCH_USER_PATHS = NO;
				ASSETCATALOG_COMPILER_GENERATE_SWIFT_ASSET_SYMBOL_EXTENSIONS = YES;
				CLANG_ANALYZER_NONNULL = YES;
				CLANG_ANALYZER_NUMBER_OBJECT_CONVERSION = YES_AGGRESSIVE;
				CLANG_CXX_LANGUAGE_STANDARD = "gnu++20";
				CLANG_ENABLE_MODULES = YES;
				CLANG_ENABLE_OBJC_ARC = YES;
				CLANG_ENABLE_OBJC_WEAK = YES;
				CLANG_WARN_BLOCK_CAPTURE_AUTORELEASING = YES;
				CLANG_WARN_BOOL_CONVERSION = YES;
				CLANG_WARN_COMMA = YES;
				CLANG_WARN_CONSTANT_CONVERSION = YES;
				CLANG_WARN_DEPRECATED_OBJC_IMPLEMENTATIONS = YES;
				CLANG_WARN_DIRECT_OBJC_ISA_USAGE = YES_ERROR;
				CLANG_WARN_DOCUMENTATION_COMMENTS = YES;
				CLANG_WARN_EMPTY_BODY = YES;
				CLANG_WARN_ENUM_CONVERSION = YES;
				CLANG_WARN_INFINITE_RECURSION = YES;
				CLANG_WARN_INT_CONVERSION = YES;
				CLANG_WARN_NON_LITERAL_NULL_CONVERSION = YES;
				CLANG_WARN_OBJC_IMPLICIT_RETAIN_SELF = YES;
				CLANG_WARN_OBJC_LITERAL_CONVERSION = YES;
				CLANG_WARN_OBJC_ROOT_CLASS = YES_ERROR;
				CLANG_WARN_QUOTED_INCLUDE_IN_FRAMEWORK_HEADER = YES;
				CLANG_WARN_RANGE_LOOP_ANALYSIS = YES;
				CLANG_WARN_STRICT_PROTOTYPES = YES;
				CLANG_WARN_SUSPICIOUS_MOVE = YES;
				CLANG_WARN_UNGUARDED_AVAILABILITY = YES_AGGRESSIVE;
				CLANG_WARN_UNREACHABLE_CODE = YES;
				CLANG_WARN__DUPLICATE_METHOD_MATCH = YES;
				COPY_PHASE_STRIP = NO;
				DEBUG_INFORMATION_FORMAT = dwarf;
				ENABLE_STRICT_OBJC_MSGSEND = YES;
				ENABLE_TESTABILITY = YES;
				ENABLE_USER_SCRIPT_SANDBOXING = YES;
				GCC_C_LANGUAGE_STANDARD = gnu17;
				GCC_DYNAMIC_NO_PIC = NO;
				GCC_NO_COMMON_BLOCKS = YES;
				GCC_OPTIMIZATION_LEVEL = 0;
				GCC_PREPROCESSOR_DEFINITIONS = (
					"DEBUG=1",
					"$(inherited)",
				);
				GCC_WARN_64_TO_32_BIT_CONVERSION = YES;
				GCC_WARN_ABOUT_RETURN_TYPE = YES_ERROR;
				GCC_WARN_UNDECLARED_SELECTOR = YES;
				GCC_WARN_UNINITIALIZED_AUTOS = YES_AGGRESSIVE;
				GCC_WARN_UNUSED_FUNCTION = YES;
				GCC_WARN_UNUSED_VARIABLE = YES;
				IPHONEOS_DEPLOYMENT_TARGET = 17.5;
				LOCALIZATION_PREFERS_STRING_CATALOGS = YES;
				MTL_ENABLE_DEBUG_INFO = INCLUDE_SOURCE;
				MTL_FAST_MATH = YES;
				ONLY_ACTIVE_ARCH = YES;
				SDKROOT = iphoneos;
				SWIFT_ACTIVE_COMPILATION_CONDITIONS = "DEBUG $(inherited)";
				SWIFT_OPTIMIZATION_LEVEL = "-Onone";
			};
			name = Debug;
		};
		15E2BD562BFBDF7B003EA777 /* Release */ = {
			isa = XCBuildConfiguration;
			buildSettings = {
				ALWAYS_SEARCH_USER_PATHS = NO;
				ASSETCATALOG_COMPILER_GENERATE_SWIFT_ASSET_SYMBOL_EXTENSIONS = YES;
				CLANG_ANALYZER_NONNULL = YES;
				CLANG_ANALYZER_NUMBER_OBJECT_CONVERSION = YES_AGGRESSIVE;
				CLANG_CXX_LANGUAGE_STANDARD = "gnu++20";
				CLANG_ENABLE_MODULES = YES;
				CLANG_ENABLE_OBJC_ARC = YES;
				CLANG_ENABLE_OBJC_WEAK = YES;
				CLANG_WARN_BLOCK_CAPTURE_AUTORELEASING = YES;
				CLANG_WARN_BOOL_CONVERSION = YES;
				CLANG_WARN_COMMA = YES;
				CLANG_WARN_CONSTANT_CONVERSION = YES;
				CLANG_WARN_DEPRECATED_OBJC_IMPLEMENTATIONS = YES;
				CLANG_WARN_DIRECT_OBJC_ISA_USAGE = YES_ERROR;
				CLANG_WARN_DOCUMENTATION_COMMENTS = YES;
				CLANG_WARN_EMPTY_BODY = YES;
				CLANG_WARN_ENUM_CONVERSION = YES;
				CLANG_WARN_INFINITE_RECURSION = YES;
				CLANG_WARN_INT_CONVERSION = YES;
				CLANG_WARN_NON_LITERAL_NULL_CONVERSION = YES;
				CLANG_WARN_OBJC_IMPLICIT_RETAIN_SELF = YES;
				CLANG_WARN_OBJC_LITERAL_CONVERSION = YES;
				CLANG_WARN_OBJC_ROOT_CLASS = YES_ERROR;
				CLANG_WARN_QUOTED_INCLUDE_IN_FRAMEWORK_HEADER = YES;
				CLANG_WARN_RANGE_LOOP_ANALYSIS = YES;
				CLANG_WARN_STRICT_PROTOTYPES = YES;
				CLANG_WARN_SUSPICIOUS_MOVE = YES;
				CLANG_WARN_UNGUARDED_AVAILABILITY = YES_AGGRESSIVE;
				CLANG_WARN_UNREACHABLE_CODE = YES;
				CLANG_WARN__DUPLICATE_METHOD_MATCH = YES;
				COPY_PHASE_STRIP = NO;
				DEBUG_INFORMATION_FORMAT = "dwarf-with-dsym";
				ENABLE_NS_ASSERTIONS = NO;
				ENABLE_STRICT_OBJC_MSGSEND = YES;
				ENABLE_USER_SCRIPT_SANDBOXING = YES;
				GCC_C_LANGUAGE_STANDARD = gnu17;
				GCC_NO_COMMON_BLOCKS = YES;
				GCC_WARN_64_TO_32_BIT_CONVERSION = YES;
				GCC_WARN_ABOUT_RETURN_TYPE = YES_ERROR;
				GCC_WARN_UNDECLARED_SELECTOR = YES;
				GCC_WARN_UNINITIALIZED_AUTOS = YES_AGGRESSIVE;
				GCC_WARN_UNUSED_FUNCTION = YES;
				GCC_WARN_UNUSED_VARIABLE = YES;
				IPHONEOS_DEPLOYMENT_TARGET = 17.5;
				LOCALIZATION_PREFERS_STRING_CATALOGS = YES;
				MTL_ENABLE_DEBUG_INFO = NO;
				MTL_FAST_MATH = YES;
				SDKROOT = iphoneos;
				SWIFT_COMPILATION_MODE = wholemodule;
				VALIDATE_PRODUCT = YES;
			};
			name = Release;
		};
		15E2BD582BFBDF7B003EA777 /* Debug */ = {
			isa = XCBuildConfiguration;
			buildSettings = {
				ASSETCATALOG_COMPILER_APPICON_NAME = AppIcon;
				ASSETCATALOG_COMPILER_GLOBAL_ACCENT_COLOR_NAME = AccentColor;
				CODE_SIGN_STYLE = Automatic;
				CURRENT_PROJECT_VERSION = 1;
				DEVELOPMENT_ASSET_PATHS = "\"CoinGekoWallester/Preview Content\"";
				DEVELOPMENT_TEAM = XZA5R9TKBS;
				ENABLE_PREVIEWS = YES;
				GENERATE_INFOPLIST_FILE = YES;
				INFOPLIST_KEY_UIApplicationSceneManifest_Generation = YES;
				INFOPLIST_KEY_UIApplicationSupportsIndirectInputEvents = YES;
				INFOPLIST_KEY_UILaunchScreen_Generation = YES;
				INFOPLIST_KEY_UISupportedInterfaceOrientations_iPad = "UIInterfaceOrientationPortrait UIInterfaceOrientationPortraitUpsideDown UIInterfaceOrientationLandscapeLeft UIInterfaceOrientationLandscapeRight";
				INFOPLIST_KEY_UISupportedInterfaceOrientations_iPhone = "UIInterfaceOrientationPortrait UIInterfaceOrientationLandscapeLeft UIInterfaceOrientationLandscapeRight";
				LD_RUNPATH_SEARCH_PATHS = (
					"$(inherited)",
					"@executable_path/Frameworks",
				);
				MARKETING_VERSION = 1.0;
				PRODUCT_BUNDLE_IDENTIFIER = deffsin.CoinGekoWallester;
				PRODUCT_NAME = "$(TARGET_NAME)";
				SWIFT_EMIT_LOC_STRINGS = YES;
				SWIFT_VERSION = 5.0;
				TARGETED_DEVICE_FAMILY = "1,2";
			};
			name = Debug;
		};
		15E2BD592BFBDF7B003EA777 /* Release */ = {
			isa = XCBuildConfiguration;
			buildSettings = {
				ASSETCATALOG_COMPILER_APPICON_NAME = AppIcon;
				ASSETCATALOG_COMPILER_GLOBAL_ACCENT_COLOR_NAME = AccentColor;
				CODE_SIGN_STYLE = Automatic;
				CURRENT_PROJECT_VERSION = 1;
				DEVELOPMENT_ASSET_PATHS = "\"CoinGekoWallester/Preview Content\"";
				DEVELOPMENT_TEAM = XZA5R9TKBS;
				ENABLE_PREVIEWS = YES;
				GENERATE_INFOPLIST_FILE = YES;
				INFOPLIST_KEY_UIApplicationSceneManifest_Generation = YES;
				INFOPLIST_KEY_UIApplicationSupportsIndirectInputEvents = YES;
				INFOPLIST_KEY_UILaunchScreen_Generation = YES;
				INFOPLIST_KEY_UISupportedInterfaceOrientations_iPad = "UIInterfaceOrientationPortrait UIInterfaceOrientationPortraitUpsideDown UIInterfaceOrientationLandscapeLeft UIInterfaceOrientationLandscapeRight";
				INFOPLIST_KEY_UISupportedInterfaceOrientations_iPhone = "UIInterfaceOrientationPortrait UIInterfaceOrientationLandscapeLeft UIInterfaceOrientationLandscapeRight";
				LD_RUNPATH_SEARCH_PATHS = (
					"$(inherited)",
					"@executable_path/Frameworks",
				);
				MARKETING_VERSION = 1.0;
				PRODUCT_BUNDLE_IDENTIFIER = deffsin.CoinGekoWallester;
				PRODUCT_NAME = "$(TARGET_NAME)";
				SWIFT_EMIT_LOC_STRINGS = YES;
				SWIFT_VERSION = 5.0;
				TARGETED_DEVICE_FAMILY = "1,2";
			};
			name = Release;
		};
/* End XCBuildConfiguration section */

/* Begin XCConfigurationList section */
		15E2BD442BFBDF78003EA777 /* Build configuration list for PBXProject "CoinGekoWallester" */ = {
			isa = XCConfigurationList;
			buildConfigurations = (
				15E2BD552BFBDF7B003EA777 /* Debug */,
				15E2BD562BFBDF7B003EA777 /* Release */,
			);
			defaultConfigurationIsVisible = 0;
			defaultConfigurationName = Release;
		};
		15E2BD572BFBDF7B003EA777 /* Build configuration list for PBXNativeTarget "CoinGekoWallester" */ = {
			isa = XCConfigurationList;
			buildConfigurations = (
				15E2BD582BFBDF7B003EA777 /* Debug */,
				15E2BD592BFBDF7B003EA777 /* Release */,
			);
			defaultConfigurationIsVisible = 0;
			defaultConfigurationName = Release;
		};
/* End XCConfigurationList section */

/* Begin XCRemoteSwiftPackageReference section */
		15E2BDB92BFCA7DF003EA777 /* XCRemoteSwiftPackageReference "swift-format" */ = {
			isa = XCRemoteSwiftPackageReference;
			repositoryURL = "https://github.com/apple/swift-format";
			requirement = {
				kind = upToNextMajorVersion;
				minimumVersion = 510.1.0;
			};
		};
		15E2BDBE2BFCA801003EA777 /* XCRemoteSwiftPackageReference "SwiftLint" */ = {
			isa = XCRemoteSwiftPackageReference;
			repositoryURL = "https://github.com/realm/SwiftLint.git";
			requirement = {
				kind = upToNextMajorVersion;
				minimumVersion = 0.55.1;
			};
		};
/* End XCRemoteSwiftPackageReference section */

/* Begin XCSwiftPackageProductDependency section */
		15E2BDBA2BFCA7DF003EA777 /* SwiftFormat */ = {
			isa = XCSwiftPackageProductDependency;
			package = 15E2BDB92BFCA7DF003EA777 /* XCRemoteSwiftPackageReference "swift-format" */;
			productName = SwiftFormat;
		};
		15E2BDBC2BFCA7DF003EA777 /* SwiftFormatConfiguration */ = {
			isa = XCSwiftPackageProductDependency;
			package = 15E2BDB92BFCA7DF003EA777 /* XCRemoteSwiftPackageReference "swift-format" */;
			productName = SwiftFormatConfiguration;
		};
/* End XCSwiftPackageProductDependency section */
	};
	rootObject = 15E2BD412BFBDF78003EA777 /* Project object */;
}
